
Microsoft Visual Studio Solution File, Format Version 12.00
# Visual Studio Version 16
VisualStudioVersion = 16.0.29920.165
MinimumVisualStudioVersion = 10.0.40219.1
Project("{FAE04EC0-301F-11D3-BF4B-00C04F79EFBC}") = "PetStoreApiTests", "PetStoreApiTests\PetStoreApiTests.csproj", "{448A86B4-D818-407E-883B-21A329F72ED9}"
EndProject
Global
	GlobalSection(SolutionConfigurationPlatforms) = preSolution
		Debug|Any CPU = Debug|Any CPU
		Release|Any CPU = Release|Any CPU
	EndGlobalSection
	GlobalSection(ProjectConfigurationPlatforms) = postSolution
		{448A86B4-D818-407E-883B-21A329F72ED9}.Debug|Any CPU.ActiveCfg = Debug|Any CPU
		{448A86B4-D818-407E-883B-21A329F72ED9}.Debug|Any CPU.Build.0 = Debug|Any CPU
		{448A86B4-D818-407E-883B-21A329F72ED9}.Release|Any CPU.ActiveCfg = Release|Any CPU
		{448A86B4-D818-407E-883B-21A329F72ED9}.Release|Any CPU.Build.0 = Release|Any CPU
	EndGlobalSection
	GlobalSection(SolutionProperties) = preSolution
		HideSolutionNode = FALSE
	EndGlobalSection
	GlobalSection(ExtensibilityGlobals) = postSolution
		SolutionGuid = {9ECCF7AF-CA26-48A7-B899-84044D8DFBE4}
	EndGlobalSection
EndGlobal
